
Microsoft Visual Studio Solution File, Format Version 12.00
# Visual Studio Version 17
VisualStudioVersion = 17.9.34714.143
MinimumVisualStudioVersion = 10.0.40219.1
Project("{FAE04EC0-301F-11D3-BF4B-00C04F79EFBC}") = "Form_Inline_Method", "Form_Inline_Method\Form_Inline_Method.csproj", "{FD25677F-D254-4C30-B7E4-0DEC2D89A824}"
EndProject
Global
	GlobalSection(SolutionConfigurationPlatforms) = preSolution
		Debug|Any CPU = Debug|Any CPU
		Release|Any CPU = Release|Any CPU
	EndGlobalSection
	GlobalSection(ProjectConfigurationPlatforms) = postSolution
		{FD25677F-D254-4C30-B7E4-0DEC2D89A824}.Debug|Any CPU.ActiveCfg = Debug|Any CPU
		{FD25677F-D254-4C30-B7E4-0DEC2D89A824}.Debug|Any CPU.Build.0 = Debug|Any CPU
		{FD25677F-D254-4C30-B7E4-0DEC2D89A824}.Release|Any CPU.ActiveCfg = Release|Any CPU
		{FD25677F-D254-4C30-B7E4-0DEC2D89A824}.Release|Any CPU.Build.0 = Release|Any CPU
	EndGlobalSection
	GlobalSection(SolutionProperties) = preSolution
		HideSolutionNode = FALSE
	EndGlobalSection
	GlobalSection(ExtensibilityGlobals) = postSolution
		SolutionGuid = {99592E59-D888-4789-AB07-CD73333457FA}
	EndGlobalSection
EndGlobal
